{
  "name": "hypercerts-core",
  "version": "1.3.6",
  "lockfileVersion": 1,
  "requires": true,
  "dependencies": {
    "ansi-regex": {
      "version": "2.1.1",
      "resolved": "https://registry.npmjs.org/ansi-regex/-/ansi-regex-2.1.1.tgz",
      "integrity": "sha1-w7M6te42DYbg5ijwRorn7yfWVN8="
    },
    "asap": {
      "version": "2.0.6",
      "resolved": "https://registry.npmjs.org/asap/-/asap-2.0.6.tgz",
      "integrity": "sha1-5QNHYR1+aQlDIIu9r+vLwvuGbUY="
    },
    "asn1.js": {
      "version": "5.0.0",
      "resolved": "https://registry.npmjs.org/asn1.js/-/asn1.js-5.0.0.tgz",
      "integrity": "sha1-Kwq7x/pm3Aqt0GpGg8c2CMMrBpY=",
      "requires": {
        "bn.js": "4.11.8",
        "inherits": "2.0.3",
        "minimalistic-assert": "1.0.0"
      }
    },
    "async": {
      "version": "2.6.0",
      "resolved": "https://registry.npmjs.org/async/-/async-2.6.0.tgz",
      "integrity": "sha1-YaKau2/MAm/qd+VtHG7FOnlZUfQ=",
      "requires": {
        "lodash": "4.17.4"
      }
    },
    "balanced-match": {
      "version": "1.0.0",
      "resolved": "https://registry.npmjs.org/balanced-match/-/balanced-match-1.0.0.tgz",
      "integrity": "sha1-ibTRmasr7kneFk6gK4nORi1xt2c="
    },
    "base-x": {
      "version": "3.0.3",
      "resolved": "https://registry.npmjs.org/base-x/-/base-x-3.0.3.tgz",
      "integrity": "sha1-eHCuu3V6SdONfPY6bFVMQYKHzOc=",
      "requires": {
        "safe-buffer": "5.1.1"
      }
    },
    "base64-js": {
      "version": "1.2.1",
      "resolved": "https://registry.npmjs.org/base64-js/-/base64-js-1.2.1.tgz",
      "integrity": "sha1-qRlH2h9KUW6jjltOwOw3c2deCIY="
    },
    "bignumber.js": {
      "version": "git+https://github.com/frozeman/bignumber.js-nolookahead.git#57692b3ecfc98bbdd6b3a516cb2353652ea49934",
      "integrity": "sha1-fw9c2N6/qE06mEPvWwiTpNxKd0E="
    },
    "bindings": {
      "version": "1.3.0",
      "resolved": "https://registry.npmjs.org/bindings/-/bindings-1.3.0.tgz",
      "integrity": "sha1-s0b27PapX1qBXFg5/HzbIlAvHtc="
    },
    "bip66": {
      "version": "1.1.5",
      "resolved": "https://registry.npmjs.org/bip66/-/bip66-1.1.5.tgz",
      "integrity": "sha1-AfqHSHhcpwlV1QESF9GzE5lpyiI=",
      "requires": {
        "safe-buffer": "5.1.1"
      }
    },
    "bl": {
      "version": "1.2.1",
      "resolved": "https://registry.npmjs.org/bl/-/bl-1.2.1.tgz",
      "integrity": "sha1-ysMo977kVzDUBLaSID/LWQ4XLV4=",
      "requires": {
        "readable-stream": "2.3.3"
      }
    },
    "blakejs": {
      "version": "1.1.0",
      "resolved": "https://registry.npmjs.org/blakejs/-/blakejs-1.1.0.tgz",
      "integrity": "sha1-ad+S75U6qIylGjLfarHFShVfx6U="
    },
    "bn.js": {
      "version": "4.11.8",
      "resolved": "https://registry.npmjs.org/bn.js/-/bn.js-4.11.8.tgz",
      "integrity": "sha1-LN4J617jQfSEdGuwMJsyU7GxRC8="
    },
    "brace-expansion": {
      "version": "1.1.8",
      "resolved": "https://registry.npmjs.org/brace-expansion/-/brace-expansion-1.1.8.tgz",
      "integrity": "sha1-wHshHHyVLsH479Uad+8NHTmQopI=",
      "requires": {
        "balanced-match": "1.0.0",
        "concat-map": "0.0.1"
      }
    },
    "brorand": {
      "version": "1.1.0",
      "resolved": "https://registry.npmjs.org/brorand/-/brorand-1.1.0.tgz",
      "integrity": "sha1-EsJe/kCkXjwyPrhnWgoM5XsiNx8="
    },
    "browserify-aes": {
      "version": "1.1.1",
      "resolved": "https://registry.npmjs.org/browserify-aes/-/browserify-aes-1.1.1.tgz",
      "integrity": "sha1-OLerVe24Bv8tzaGn8WIHc6R3xJ8=",
      "requires": {
        "buffer-xor": "1.0.3",
        "cipher-base": "1.0.4",
        "create-hash": "1.1.3",
        "evp_bytestokey": "1.0.3",
        "inherits": "2.0.3",
        "safe-buffer": "5.1.1"
      }
    },
    "bs58": {
      "version": "4.0.1",
      "resolved": "https://registry.npmjs.org/bs58/-/bs58-4.0.1.tgz",
      "integrity": "sha1-vhYedsNU9veIrkBx9j806MTwpCo=",
      "requires": {
        "base-x": "3.0.3"
      }
    },
    "buffer": {
      "version": "5.0.8",
      "resolved": "https://registry.npmjs.org/buffer/-/buffer-5.0.8.tgz",
      "integrity": "sha1-hNqlLnzy+ozkGVvFzw94CeCTCyQ=",
      "requires": {
        "base64-js": "1.2.1",
        "ieee754": "1.1.8"
      }
    },
    "buffer-loader": {
      "version": "0.0.1",
      "resolved": "https://registry.npmjs.org/buffer-loader/-/buffer-loader-0.0.1.tgz",
      "integrity": "sha1-TWd8qS3YiTEIeLAqL7z6txICTPI="
    },
    "buffer-xor": {
      "version": "1.0.3",
      "resolved": "https://registry.npmjs.org/buffer-xor/-/buffer-xor-1.0.3.tgz",
      "integrity": "sha1-JuYe0UIvtw3ULm42cp7VHYVf6Nk="
    },
    "builtin-modules": {
      "version": "1.1.1",
      "resolved": "https://registry.npmjs.org/builtin-modules/-/builtin-modules-1.1.1.tgz",
      "integrity": "sha1-Jw8HbFpywC9bZaR9+Uxf46J4iS8="
    },
    "builtin-status-codes": {
      "version": "3.0.0",
      "resolved": "https://registry.npmjs.org/builtin-status-codes/-/builtin-status-codes-3.0.0.tgz",
      "integrity": "sha1-hZgoeOIbmOHGZCXgPQF0eI9Wnug="
    },
    "camelcase": {
      "version": "3.0.0",
      "resolved": "https://registry.npmjs.org/camelcase/-/camelcase-3.0.0.tgz",
      "integrity": "sha1-MvxLn82vhF/N9+c7uXysImHwqwo="
    },
    "cids": {
      "version": "0.5.2",
      "resolved": "https://registry.npmjs.org/cids/-/cids-0.5.2.tgz",
      "integrity": "sha1-wbrzBvgWW6qr+1E0tcIKUEUFSKY=",
      "requires": {
        "multibase": "0.3.4",
        "multicodec": "0.2.5",
        "multihashes": "0.4.12"
      }
    },
    "cipher-base": {
      "version": "1.0.4",
      "resolved": "https://registry.npmjs.org/cipher-base/-/cipher-base-1.0.4.tgz",
      "integrity": "sha1-h2Dk7MJy9MNjUy+SbYdKriwTl94=",
      "requires": {
        "inherits": "2.0.3",
        "safe-buffer": "5.1.1"
      }
    },
    "cliui": {
      "version": "3.2.0",
      "resolved": "https://registry.npmjs.org/cliui/-/cliui-3.2.0.tgz",
      "integrity": "sha1-EgYBU3qRbSmUD5NNo7SNWFo5IT0=",
      "requires": {
        "string-width": "1.0.2",
        "strip-ansi": "3.0.1",
        "wrap-ansi": "2.1.0"
      }
    },
    "code-point-at": {
      "version": "1.1.0",
      "resolved": "https://registry.npmjs.org/code-point-at/-/code-point-at-1.1.0.tgz",
      "integrity": "sha1-DQcLTQQ6W+ozovGkDi7bPZpMz3c="
    },
    "concat-map": {
      "version": "0.0.1",
      "resolved": "https://registry.npmjs.org/concat-map/-/concat-map-0.0.1.tgz",
      "integrity": "sha1-2Klr13/Wjfd5OnMDajug1UBdR3s="
    },
    "concat-stream": {
      "version": "1.6.0",
      "resolved": "https://registry.npmjs.org/concat-stream/-/concat-stream-1.6.0.tgz",
      "integrity": "sha1-CqxmL9Ur54lk1VMvaUeE5wEQrPc=",
      "requires": {
        "inherits": "2.0.3",
        "readable-stream": "2.3.3",
        "typedarray": "0.0.6"
      }
    },
    "core-util-is": {
      "version": "1.0.2",
      "resolved": "https://registry.npmjs.org/core-util-is/-/core-util-is-1.0.2.tgz",
      "integrity": "sha1-tf1UIgqivFq1eqtxQMlAdUUDwac="
    },
    "create-hash": {
      "version": "1.1.3",
      "resolved": "https://registry.npmjs.org/create-hash/-/create-hash-1.1.3.tgz",
      "integrity": "sha1-YGBCrIuSYnUPSDyt2rD1gZFy2P0=",
      "requires": {
        "cipher-base": "1.0.4",
        "inherits": "2.0.3",
        "ripemd160": "2.0.1",
        "sha.js": "2.4.9"
      }
    },
    "create-hmac": {
      "version": "1.1.6",
      "resolved": "https://registry.npmjs.org/create-hmac/-/create-hmac-1.1.6.tgz",
      "integrity": "sha1-rLniIaThe9sHbpBlfEK5PjcmzwY=",
      "requires": {
        "cipher-base": "1.0.4",
        "create-hash": "1.1.3",
        "inherits": "2.0.3",
        "ripemd160": "2.0.1",
        "safe-buffer": "5.1.1",
        "sha.js": "2.4.9"
      }
    },
    "crypto-js": {
      "version": "3.1.8",
      "resolved": "https://registry.npmjs.org/crypto-js/-/crypto-js-3.1.8.tgz",
      "integrity": "sha1-cV8HC/YBTyrpkqmLOSkli3E/CNU="
    },
    "decamelize": {
      "version": "1.2.0",
      "resolved": "https://registry.npmjs.org/decamelize/-/decamelize-1.2.0.tgz",
      "integrity": "sha1-9lNNFRSCabIDUue+4m9QH5oZEpA="
    },
    "detect-node": {
      "version": "2.0.3",
      "resolved": "https://registry.npmjs.org/detect-node/-/detect-node-2.0.3.tgz",
      "integrity": "sha1-ogM8CcyOFY03dI+951B4Mr1s4Sc="
    },
    "drbg.js": {
      "version": "1.0.1",
      "resolved": "https://registry.npmjs.org/drbg.js/-/drbg.js-1.0.1.tgz",
      "integrity": "sha1-Pja2xCs3BDgjzbwzLVjzHiRFSAs=",
      "requires": {
        "browserify-aes": "1.1.1",
        "create-hash": "1.1.3",
        "create-hmac": "1.1.6"
      }
    },
    "elliptic": {
      "version": "6.4.0",
      "resolved": "https://registry.npmjs.org/elliptic/-/elliptic-6.4.0.tgz",
      "integrity": "sha1-ysmvh2LIWDYYcAPI3+GT5eLq5d8=",
      "requires": {
        "bn.js": "4.11.8",
        "brorand": "1.1.0",
        "hash.js": "1.1.3",
        "hmac-drbg": "1.0.1",
        "inherits": "2.0.3",
        "minimalistic-assert": "1.0.0",
        "minimalistic-crypto-utils": "1.0.1"
      }
    },
    "end-of-stream": {
      "version": "1.4.0",
      "resolved": "https://registry.npmjs.org/end-of-stream/-/end-of-stream-1.4.0.tgz",
      "integrity": "sha1-epDYM+/abPpurA9JSduw+tOmMgY=",
      "requires": {
        "once": "1.4.0"
      }
    },
    "error-ex": {
      "version": "1.3.1",
      "resolved": "https://registry.npmjs.org/error-ex/-/error-ex-1.3.1.tgz",
      "integrity": "sha1-+FWobOYa3E6GIcPNoh56dhLDqNw=",
      "requires": {
        "is-arrayish": "0.2.1"
      }
    },
    "evp_bytestokey": {
      "version": "1.0.3",
      "resolved": "https://registry.npmjs.org/evp_bytestokey/-/evp_bytestokey-1.0.3.tgz",
      "integrity": "sha1-f8vbGY3HGVlDLv4ThCaE4FJaywI=",
      "requires": {
        "md5.js": "1.3.4",
        "safe-buffer": "5.1.1"
      }
    },
    "find-up": {
      "version": "1.1.2",
      "resolved": "https://registry.npmjs.org/find-up/-/find-up-1.1.2.tgz",
      "integrity": "sha1-ay6YIrGizgpgq2TWEOzK1TyyTQ8=",
      "requires": {
        "path-exists": "2.1.0",
        "pinkie-promise": "2.0.1"
      }
    },
    "flatmap": {
      "version": "0.0.3",
      "resolved": "https://registry.npmjs.org/flatmap/-/flatmap-0.0.3.tgz",
      "integrity": "sha1-Hxik2TgVLUlZZfnJWNkjqy3WabQ="
    },
    "fs-extra": {
      "version": "0.30.0",
      "resolved": "https://registry.npmjs.org/fs-extra/-/fs-extra-0.30.0.tgz",
      "integrity": "sha1-8jP/zAjU2n1DLapEl3aYnbHfk/A=",
      "requires": {
        "graceful-fs": "4.1.11",
        "jsonfile": "2.4.0",
        "klaw": "1.3.1",
        "path-is-absolute": "1.0.1",
        "rimraf": "2.6.2"
      }
    },
    "fs.realpath": {
      "version": "1.0.0",
      "resolved": "https://registry.npmjs.org/fs.realpath/-/fs.realpath-1.0.0.tgz",
      "integrity": "sha1-FQStJSMVjKpA20onh8sBQRmU6k8="
    },
    "get-caller-file": {
      "version": "1.0.2",
      "resolved": "https://registry.npmjs.org/get-caller-file/-/get-caller-file-1.0.2.tgz",
      "integrity": "sha1-9wLmMSfn4jHBYKgMFVSstw1QR+U="
    },
    "glob": {
      "version": "7.1.2",
      "resolved": "https://registry.npmjs.org/glob/-/glob-7.1.2.tgz",
      "integrity": "sha1-wZyd+aAocC1nhhI4SmVSQExjbRU=",
      "requires": {
        "fs.realpath": "1.0.0",
        "inflight": "1.0.6",
        "inherits": "2.0.3",
        "minimatch": "3.0.4",
        "once": "1.4.0",
        "path-is-absolute": "1.0.1"
      }
    },
    "graceful-fs": {
      "version": "4.1.11",
      "resolved": "https://registry.npmjs.org/graceful-fs/-/graceful-fs-4.1.11.tgz",
      "integrity": "sha1-Dovf5NHduIVNZOBOp8AOKgJuVlg="
    },
    "hash-base": {
      "version": "2.0.2",
      "resolved": "https://registry.npmjs.org/hash-base/-/hash-base-2.0.2.tgz",
      "integrity": "sha1-ZuodhW206KVHDK32/OI65SRO8uE=",
      "requires": {
        "inherits": "2.0.3"
      }
    },
    "hash.js": {
      "version": "1.1.3",
      "resolved": "https://registry.npmjs.org/hash.js/-/hash.js-1.1.3.tgz",
      "integrity": "sha1-NA3tvmKQGHFRweodd3o0SJNd+EY=",
      "requires": {
        "inherits": "2.0.3",
        "minimalistic-assert": "1.0.0"
      }
    },
    "hmac-drbg": {
      "version": "1.0.1",
      "resolved": "https://registry.npmjs.org/hmac-drbg/-/hmac-drbg-1.0.1.tgz",
      "integrity": "sha1-0nRXAQJabHdabFRXk+1QL8DGSaE=",
      "requires": {
        "hash.js": "1.1.3",
        "minimalistic-assert": "1.0.0",
        "minimalistic-crypto-utils": "1.0.1"
      }
    },
    "hosted-git-info": {
      "version": "2.5.0",
      "resolved": "https://registry.npmjs.org/hosted-git-info/-/hosted-git-info-2.5.0.tgz",
      "integrity": "sha1-bWDjSzq7yDEwYsO3mO+NkBoHrzw="
    },
    "ieee754": {
      "version": "1.1.8",
      "resolved": "https://registry.npmjs.org/ieee754/-/ieee754-1.1.8.tgz",
      "integrity": "sha1-vjPUCsEO8ZJnAfbwii2G+/0a0+Q="
    },
    "inflight": {
      "version": "1.0.6",
      "resolved": "https://registry.npmjs.org/inflight/-/inflight-1.0.6.tgz",
      "integrity": "sha1-Sb1jMdfQLQwJvJEKEHW6gWW1bfk=",
      "requires": {
        "once": "1.4.0",
        "wrappy": "1.0.2"
      }
    },
    "inherits": {
      "version": "2.0.3",
      "resolved": "https://registry.npmjs.org/inherits/-/inherits-2.0.3.tgz",
      "integrity": "sha1-Yzwsg+PaQqUC9SRmAiSA9CCCYd4="
    },
    "invert-kv": {
      "version": "1.0.0",
      "resolved": "https://registry.npmjs.org/invert-kv/-/invert-kv-1.0.0.tgz",
      "integrity": "sha1-EEqOSqym09jNFXqO+L+rLXo//bY="
    },
    "ip": {
      "version": "1.1.5",
      "resolved": "https://registry.npmjs.org/ip/-/ip-1.1.5.tgz",
      "integrity": "sha1-vd7XARQpCCjAoDnnLvJfWq7ENUo="
    },
    "ipfs-api": {
      "version": "17.2.5",
      "resolved": "https://registry.npmjs.org/ipfs-api/-/ipfs-api-17.2.5.tgz",
      "integrity": "sha1-7EDkcl3VbS7umq0t5qx2cPINDNQ=",
      "requires": {
        "async": "2.6.0",
        "bs58": "4.0.1",
        "cids": "0.5.2",
        "concat-stream": "1.6.0",
        "detect-node": "2.0.3",
        "flatmap": "0.0.3",
        "glob": "7.1.2",
        "ipfs-block": "0.6.1",
        "ipfs-unixfs": "0.1.14",
        "ipld-dag-pb": "0.11.4",
        "is-ipfs": "0.3.2",
        "is-stream": "1.1.0",
        "lru-cache": "4.1.1",
        "multiaddr": "3.0.1",
        "multihashes": "0.4.12",
        "ndjson": "1.5.0",
        "once": "1.4.0",
        "peer-id": "0.10.4",
        "peer-info": "0.11.4",
        "promisify-es6": "1.0.3",
        "pull-defer": "0.2.2",
        "pull-pushable": "2.1.1",
        "pump": "1.0.3",
        "qs": "6.5.1",
        "readable-stream": "2.3.3",
        "stream-http": "2.7.2",
        "stream-to-pull-stream": "1.7.2",
        "streamifier": "0.1.1",
        "tar-stream": "1.5.5"
      }
    },
    "ipfs-block": {
      "version": "0.6.1",
      "resolved": "https://registry.npmjs.org/ipfs-block/-/ipfs-block-0.6.1.tgz",
      "integrity": "sha1-uTBT6eqV917SkHgX/79V2ZKgatE=",
      "requires": {
        "cids": "0.5.2"
      }
    },
    "ipfs-unixfs": {
      "version": "0.1.14",
      "resolved": "https://registry.npmjs.org/ipfs-unixfs/-/ipfs-unixfs-0.1.14.tgz",
      "integrity": "sha1-JWQ3/PZC2KtGtRhVguxPIekI7zc=",
      "requires": {
        "protons": "1.0.1"
      }
    },
    "ipld-dag-pb": {
      "version": "0.11.4",
      "resolved": "https://registry.npmjs.org/ipld-dag-pb/-/ipld-dag-pb-0.11.4.tgz",
      "integrity": "sha1-sPrlaB+tVpcTLjJdbC/xe18Mtqg=",
      "requires": {
        "async": "2.6.0",
        "bs58": "4.0.1",
        "buffer-loader": "0.0.1",
        "cids": "0.5.2",
        "ipfs-block": "0.6.1",
        "is-ipfs": "0.3.2",
        "multihashes": "0.4.12",
        "multihashing-async": "0.4.7",
        "protons": "1.0.1",
        "pull-stream": "3.6.1",
        "pull-traverse": "1.0.3",
        "stable": "0.1.6"
      }
    },
    "is-arrayish": {
      "version": "0.2.1",
      "resolved": "https://registry.npmjs.org/is-arrayish/-/is-arrayish-0.2.1.tgz",
      "integrity": "sha1-d8mYQFJ6qOyxqLppe4BkWnqSap0="
    },
    "is-builtin-module": {
      "version": "1.0.0",
      "resolved": "https://registry.npmjs.org/is-builtin-module/-/is-builtin-module-1.0.0.tgz",
      "integrity": "sha1-VAVy0096wxGfj3bDDLwbHgN6/74=",
      "requires": {
        "builtin-modules": "1.1.1"
      }
    },
    "is-fullwidth-code-point": {
      "version": "1.0.0",
      "resolved": "https://registry.npmjs.org/is-fullwidth-code-point/-/is-fullwidth-code-point-1.0.0.tgz",
      "integrity": "sha1-754xOG8DGn8NZDr4L95QxFfvAMs=",
      "requires": {
        "number-is-nan": "1.0.1"
      }
    },
    "is-ipfs": {
      "version": "0.3.2",
      "resolved": "https://registry.npmjs.org/is-ipfs/-/is-ipfs-0.3.2.tgz",
      "integrity": "sha1-xGULg442/QFR3liWsv8xn+iTYYI=",
      "requires": {
        "bs58": "4.0.1",
        "cids": "0.5.2",
        "multihashes": "0.4.12"
      }
    },
    "is-promise": {
      "version": "1.0.1",
      "resolved": "https://registry.npmjs.org/is-promise/-/is-promise-1.0.1.tgz",
      "integrity": "sha1-MVc3YcBX4zwukaq56W2gjO++duU="
    },
    "is-stream": {
      "version": "1.1.0",
      "resolved": "https://registry.npmjs.org/is-stream/-/is-stream-1.1.0.tgz",
      "integrity": "sha1-EtSj3U5o4Lec6428hBc66A2RykQ="
    },
    "is-utf8": {
      "version": "0.2.1",
      "resolved": "https://registry.npmjs.org/is-utf8/-/is-utf8-0.2.1.tgz",
      "integrity": "sha1-Sw2hRCEE0bM2NA6AeX6GXPOffXI="
    },
    "isarray": {
      "version": "1.0.0",
      "resolved": "https://registry.npmjs.org/isarray/-/isarray-1.0.0.tgz",
      "integrity": "sha1-u5NdSFgsuhaMBoNJV6VKPgcSTxE="
    },
    "js-sha3": {
      "version": "0.6.1",
      "resolved": "https://registry.npmjs.org/js-sha3/-/js-sha3-0.6.1.tgz",
      "integrity": "sha1-W4n3enR3Z5h39YxKB1JAk0sflcA="
    },
    "json-stringify-safe": {
      "version": "5.0.1",
      "resolved": "https://registry.npmjs.org/json-stringify-safe/-/json-stringify-safe-5.0.1.tgz",
      "integrity": "sha1-Epai1Y/UXxmg9s4B1lcB4sc1tus="
    },
    "jsonfile": {
      "version": "2.4.0",
      "resolved": "https://registry.npmjs.org/jsonfile/-/jsonfile-2.4.0.tgz",
      "integrity": "sha1-NzaitCi4e72gzIO1P6PWM6NcKug=",
      "requires": {
        "graceful-fs": "4.1.11"
      }
    },
    "jsrsasign": {
      "version": "8.0.4",
      "resolved": "https://registry.npmjs.org/jsrsasign/-/jsrsasign-8.0.4.tgz",
      "integrity": "sha1-P3uCOIRPEmtJanVW7J9LUR+V+GE="
    },
    "keypair": {
      "version": "1.0.1",
      "resolved": "https://registry.npmjs.org/keypair/-/keypair-1.0.1.tgz",
      "integrity": "sha1-dgNxknCvtlZO04oiCHoG/Jqk6hs="
    },
    "klaw": {
      "version": "1.3.1",
      "resolved": "https://registry.npmjs.org/klaw/-/klaw-1.3.1.tgz",
      "integrity": "sha1-QIhDO0azsbolnXh4XY6W9zugJDk=",
      "requires": {
        "graceful-fs": "4.1.11"
      }
    },
    "lcid": {
      "version": "1.0.0",
      "resolved": "https://registry.npmjs.org/lcid/-/lcid-1.0.0.tgz",
      "integrity": "sha1-MIrMr6C8SDo4Z7S28rlQYlHRuDU=",
      "requires": {
        "invert-kv": "1.0.0"
      }
    },
    "libp2p-crypto": {
      "version": "0.11.0",
      "resolved": "https://registry.npmjs.org/libp2p-crypto/-/libp2p-crypto-0.11.0.tgz",
      "integrity": "sha1-6HFBwdXuUFQGVJYJNRLeMUGNG8Y=",
      "requires": {
        "asn1.js": "5.0.0",
        "async": "2.6.0",
        "browserify-aes": "1.1.1",
        "bs58": "4.0.1",
        "jsrsasign": "8.0.4",
        "keypair": "1.0.1",
        "libp2p-crypto-secp256k1": "0.2.2",
        "multihashing-async": "0.4.7",
        "pem-jwk": "1.5.1",
        "protons": "1.0.1",
        "rsa-pem-to-jwk": "1.1.3",
        "tweetnacl": "1.0.0",
        "webcrypto-shim": "git://github.com/dignifiedquire/webcrypto-shim.git#190bc9ec341375df6025b17ae12ddb2428ea49c8"
      }
    },
    "libp2p-crypto-secp256k1": {
      "version": "0.2.2",
      "resolved": "https://registry.npmjs.org/libp2p-crypto-secp256k1/-/libp2p-crypto-secp256k1-0.2.2.tgz",
      "integrity": "sha1-DdUh8Yq8TjahUuJOmzYwewrpzwU=",
      "requires": {
        "async": "2.6.0",
        "multihashing-async": "0.4.7",
        "nodeify": "1.0.1",
        "safe-buffer": "5.1.1",
        "secp256k1": "3.4.0"
      }
    },
    "load-json-file": {
      "version": "1.1.0",
      "resolved": "https://registry.npmjs.org/load-json-file/-/load-json-file-1.1.0.tgz",
      "integrity": "sha1-lWkFcI1YtLq0wiYbBPWfMcmTdMA=",
      "requires": {
        "graceful-fs": "4.1.11",
        "parse-json": "2.2.0",
        "pify": "2.3.0",
        "pinkie-promise": "2.0.1",
        "strip-bom": "2.0.0"
      }
    },
    "lodash": {
      "version": "4.17.4",
      "resolved": "https://registry.npmjs.org/lodash/-/lodash-4.17.4.tgz",
      "integrity": "sha1-eCA6TRwyiuHYbcpkYONptX9AVa4="
    },
    "lodash.assign": {
      "version": "4.2.0",
      "resolved": "https://registry.npmjs.org/lodash.assign/-/lodash.assign-4.2.0.tgz",
      "integrity": "sha1-DZnzzNem0mHRm9rrkkUAXShYCOc="
    },
    "lodash.filter": {
      "version": "4.6.0",
      "resolved": "https://registry.npmjs.org/lodash.filter/-/lodash.filter-4.6.0.tgz",
      "integrity": "sha1-ZosdSYFgOuHMWm+nYBQ+SAtMSs4="
    },
    "lodash.map": {
      "version": "4.6.0",
      "resolved": "https://registry.npmjs.org/lodash.map/-/lodash.map-4.6.0.tgz",
      "integrity": "sha1-dx7Hg540c9nEzeKLGTlMNWL09tM="
    },
    "lodash.uniqby": {
      "version": "4.7.0",
      "resolved": "https://registry.npmjs.org/lodash.uniqby/-/lodash.uniqby-4.7.0.tgz",
      "integrity": "sha1-2ZwHpmnp5tJOE2Lf4mbGdhavEwI="
    },
    "looper": {
      "version": "3.0.0",
      "resolved": "https://registry.npmjs.org/looper/-/looper-3.0.0.tgz",
      "integrity": "sha1-LvpUw7HLq6m5Su4uWRSwvlf7t0k="
    },
    "lru-cache": {
      "version": "4.1.1",
      "resolved": "https://registry.npmjs.org/lru-cache/-/lru-cache-4.1.1.tgz",
      "integrity": "sha1-Yi4y6CSItJJ5EUpPns9F581rulU=",
      "requires": {
        "pseudomap": "1.0.2",
        "yallist": "2.1.2"
      }
    },
    "md5.js": {
      "version": "1.3.4",
      "resolved": "https://registry.npmjs.org/md5.js/-/md5.js-1.3.4.tgz",
      "integrity": "sha1-6b296UogpawYsENA/Fdk1bCdkB0=",
      "requires": {
        "hash-base": "3.0.4",
        "inherits": "2.0.3"
      },
      "dependencies": {
        "hash-base": {
          "version": "3.0.4",
          "resolved": "https://registry.npmjs.org/hash-base/-/hash-base-3.0.4.tgz",
          "integrity": "sha1-X8hoaEfs1zSZQDMZprCj8/auSRg=",
          "requires": {
            "inherits": "2.0.3",
            "safe-buffer": "5.1.1"
          }
        }
      }
    },
    "memorystream": {
      "version": "0.3.1",
      "resolved": "https://registry.npmjs.org/memorystream/-/memorystream-0.3.1.tgz",
      "integrity": "sha1-htcJCzDORV1j+64S3aUaR93K+bI="
    },
    "minimalistic-assert": {
      "version": "1.0.0",
      "resolved": "https://registry.npmjs.org/minimalistic-assert/-/minimalistic-assert-1.0.0.tgz",
      "integrity": "sha1-cCvi3aazf0g2vLP121ZkG2Sh09M="
    },
    "minimalistic-crypto-utils": {
      "version": "1.0.1",
      "resolved": "https://registry.npmjs.org/minimalistic-crypto-utils/-/minimalistic-crypto-utils-1.0.1.tgz",
      "integrity": "sha1-9sAMHAsIIkblxNmd+4x8CDsrWCo="
    },
    "minimatch": {
      "version": "3.0.4",
      "resolved": "https://registry.npmjs.org/minimatch/-/minimatch-3.0.4.tgz",
      "integrity": "sha1-UWbihkV/AzBgZL5Ul+jbsMPTIIM=",
      "requires": {
        "brace-expansion": "1.1.8"
      }
    },
    "minimist": {
      "version": "1.2.0",
      "resolved": "https://registry.npmjs.org/minimist/-/minimist-1.2.0.tgz",
      "integrity": "sha1-o1AIsg9BOD7sH7kU9M1d95omQoQ="
    },
    "multiaddr": {
      "version": "3.0.1",
      "resolved": "https://registry.npmjs.org/multiaddr/-/multiaddr-3.0.1.tgz",
      "integrity": "sha1-g+ui26HZfqQa29lNULc5xWNEGl8=",
      "requires": {
        "bs58": "4.0.1",
        "ip": "1.1.5",
        "lodash.filter": "4.6.0",
        "lodash.map": "4.6.0",
        "varint": "5.0.0",
        "xtend": "4.0.1"
      }
    },
    "multibase": {
      "version": "0.3.4",
      "resolved": "https://registry.npmjs.org/multibase/-/multibase-0.3.4.tgz",
      "integrity": "sha1-+6iwqslyT2LiR4JVfioGLjDTrn8=",
      "requires": {
        "base-x": "3.0.0"
      },
      "dependencies": {
        "base-x": {
          "version": "3.0.0",
          "resolved": "https://registry.npmjs.org/base-x/-/base-x-3.0.0.tgz",
          "integrity": "sha1-d7VvAxEHC3gLPIpfU0vqxH5QZwI="
        }
      }
    },
    "multicodec": {
      "version": "0.2.5",
      "resolved": "https://registry.npmjs.org/multicodec/-/multicodec-0.2.5.tgz",
      "integrity": "sha1-gP5vLQSo3nPwEqehmgaqsUsDRBI=",
      "requires": {
        "varint": "5.0.0"
      }
    },
    "multihashes": {
      "version": "0.4.12",
      "resolved": "https://registry.npmjs.org/multihashes/-/multihashes-0.4.12.tgz",
      "integrity": "sha1-DTGxjJK661Ds0EC73EpWTS5SrrE=",
      "requires": {
        "bs58": "4.0.1",
        "varint": "5.0.0"
      }
    },
    "multihashing-async": {
      "version": "0.4.7",
      "resolved": "https://registry.npmjs.org/multihashing-async/-/multihashing-async-0.4.7.tgz",
      "integrity": "sha1-tsSmhU5kw6oIcAtLnbbPoYyIqCg=",
      "requires": {
        "async": "2.6.0",
        "blakejs": "1.1.0",
        "js-sha3": "0.6.1",
        "multihashes": "0.4.12",
        "murmurhash3js": "3.0.1",
        "nodeify": "1.0.1"
      }
    },
    "murmurhash3js": {
      "version": "3.0.1",
      "resolved": "https://registry.npmjs.org/murmurhash3js/-/murmurhash3js-3.0.1.tgz",
      "integrity": "sha1-Ppg+W0fCoG9DpxMXTn5DXKBEuZg="
    },
    "nan": {
      "version": "2.8.0",
      "resolved": "https://registry.npmjs.org/nan/-/nan-2.8.0.tgz",
      "integrity": "sha1-7XFfP+neArV6XmJS2QqWZ14fCFo="
    },
    "ndjson": {
      "version": "1.5.0",
      "resolved": "https://registry.npmjs.org/ndjson/-/ndjson-1.5.0.tgz",
      "integrity": "sha1-rmA7NrE0vOw0e0UkIrC/mNWDLsg=",
      "requires": {
        "json-stringify-safe": "5.0.1",
        "minimist": "1.2.0",
        "split2": "2.2.0",
        "through2": "2.0.3"
      }
    },
    "nodeify": {
      "version": "1.0.1",
      "resolved": "https://registry.npmjs.org/nodeify/-/nodeify-1.0.1.tgz",
      "integrity": "sha1-ZKtpp7268DzhB7TwM1yHwLnpGx0=",
      "requires": {
        "is-promise": "1.0.1",
        "promise": "1.3.0"
      },
      "dependencies": {
        "promise": {
          "version": "1.3.0",
          "resolved": "https://registry.npmjs.org/promise/-/promise-1.3.0.tgz",
          "integrity": "sha1-5cyaTIJ45GZP/twBx9qEhCsEAXU=",
          "requires": {
            "is-promise": "1.0.1"
          }
        }
      }
    },
    "normalize-package-data": {
      "version": "2.4.0",
      "resolved": "https://registry.npmjs.org/normalize-package-data/-/normalize-package-data-2.4.0.tgz",
      "integrity": "sha1-EvlaMH1YNSB1oEkHuErIvpisAS8=",
      "requires": {
        "hosted-git-info": "2.5.0",
        "is-builtin-module": "1.0.0",
        "semver": "5.4.1",
        "validate-npm-package-license": "3.0.1"
      }
    },
    "number-is-nan": {
      "version": "1.0.1",
      "resolved": "https://registry.npmjs.org/number-is-nan/-/number-is-nan-1.0.1.tgz",
      "integrity": "sha1-CXtgK1NCKlIsGvuHkDGDNpQaAR0="
    },
    "object-assign": {
      "version": "2.1.1",
      "resolved": "https://registry.npmjs.org/object-assign/-/object-assign-2.1.1.tgz",
      "integrity": "sha1-Q8NuXVaf+OSBbE76i+AtJpZ8GKo="
    },
    "once": {
      "version": "1.4.0",
      "resolved": "https://registry.npmjs.org/once/-/once-1.4.0.tgz",
      "integrity": "sha1-WDsap3WWHUsROsF9nFC6753Xa9E=",
      "requires": {
        "wrappy": "1.0.2"
      }
    },
    "optimist": {
      "version": "0.3.7",
      "resolved": "https://registry.npmjs.org/optimist/-/optimist-0.3.7.tgz",
      "integrity": "sha1-yQlBrVnkJzMokjB00s8ufLxuwNk=",
      "requires": {
        "wordwrap": "0.0.3"
      }
    },
    "os-locale": {
      "version": "1.4.0",
      "resolved": "https://registry.npmjs.org/os-locale/-/os-locale-1.4.0.tgz",
      "integrity": "sha1-IPnxeuKe00XoveWDsT0gCYA8FNk=",
      "requires": {
        "lcid": "1.0.0"
      }
    },
    "parse-json": {
      "version": "2.2.0",
      "resolved": "https://registry.npmjs.org/parse-json/-/parse-json-2.2.0.tgz",
      "integrity": "sha1-9ID0BDTvgHQfhGkJn43qGPVaTck=",
      "requires": {
        "error-ex": "1.3.1"
      }
    },
    "path-exists": {
      "version": "2.1.0",
      "resolved": "https://registry.npmjs.org/path-exists/-/path-exists-2.1.0.tgz",
      "integrity": "sha1-D+tsZPD8UY2adU3V77YscCJ2H0s=",
      "requires": {
        "pinkie-promise": "2.0.1"
      }
    },
    "path-is-absolute": {
      "version": "1.0.1",
      "resolved": "https://registry.npmjs.org/path-is-absolute/-/path-is-absolute-1.0.1.tgz",
      "integrity": "sha1-F0uSaHNVNP+8es5r9TpanhtcX18="
    },
    "path-type": {
      "version": "1.1.0",
      "resolved": "https://registry.npmjs.org/path-type/-/path-type-1.1.0.tgz",
      "integrity": "sha1-WcRPfuSR2nBNpBXaWkBwuk+P5EE=",
      "requires": {
        "graceful-fs": "4.1.11",
        "pify": "2.3.0",
        "pinkie-promise": "2.0.1"
      }
    },
    "peer-id": {
      "version": "0.10.4",
      "resolved": "https://registry.npmjs.org/peer-id/-/peer-id-0.10.4.tgz",
      "integrity": "sha1-GD7UOsG81m+NuJtO+YxdLl7QeIY=",
      "requires": {
        "async": "2.6.0",
        "libp2p-crypto": "0.11.0",
        "lodash": "4.17.4",
        "multihashes": "0.4.12"
      }
    },
    "peer-info": {
      "version": "0.11.4",
      "resolved": "https://registry.npmjs.org/peer-info/-/peer-info-0.11.4.tgz",
      "integrity": "sha1-IFuq1NyQV1rFHL40RYWaqoBcYp4=",
      "requires": {
        "lodash.uniqby": "4.7.0",
        "multiaddr": "3.0.1",
        "peer-id": "0.10.4"
      }
    },
    "pem-jwk": {
      "version": "1.5.1",
      "resolved": "https://registry.npmjs.org/pem-jwk/-/pem-jwk-1.5.1.tgz",
      "integrity": "sha1-eoY3/S9nqCflfAxC4cI8P9Us+wE=",
      "requires": {
        "asn1.js": "1.0.3"
      },
      "dependencies": {
        "asn1.js": {
          "version": "1.0.3",
          "resolved": "https://registry.npmjs.org/asn1.js/-/asn1.js-1.0.3.tgz",
          "integrity": "sha1-KBuj7B8kSP52X5Kk7s+IP+E2S1Q=",
          "requires": {
            "bn.js": "1.3.0",
            "inherits": "2.0.3",
            "minimalistic-assert": "1.0.0"
          }
        },
        "bn.js": {
          "version": "1.3.0",
          "resolved": "https://registry.npmjs.org/bn.js/-/bn.js-1.3.0.tgz",
          "integrity": "sha1-DbTL+W+PI7dC9by50ap6mZSgXoM=",
          "optional": true
        }
      }
    },
    "pify": {
      "version": "2.3.0",
      "resolved": "https://registry.npmjs.org/pify/-/pify-2.3.0.tgz",
      "integrity": "sha1-7RQaasBDqEnqWISY59yosVMw6Qw="
    },
    "pinkie": {
      "version": "2.0.4",
      "resolved": "https://registry.npmjs.org/pinkie/-/pinkie-2.0.4.tgz",
      "integrity": "sha1-clVrgM+g1IqXToDnckjoDtT3+HA="
    },
    "pinkie-promise": {
      "version": "2.0.1",
      "resolved": "https://registry.npmjs.org/pinkie-promise/-/pinkie-promise-2.0.1.tgz",
      "integrity": "sha1-ITXW36ejWMBprJsXh3YogihFD/o=",
      "requires": {
        "pinkie": "2.0.4"
      }
    },
    "process-nextick-args": {
      "version": "1.0.7",
      "resolved": "https://registry.npmjs.org/process-nextick-args/-/process-nextick-args-1.0.7.tgz",
      "integrity": "sha1-FQ4gt1ZZCtP5EJPyWk8q2L/zC6M="
    },
    "promise": {
      "version": "8.0.1",
      "resolved": "https://registry.npmjs.org/promise/-/promise-8.0.1.tgz",
      "integrity": "sha1-5F1osAoXZHttpxG/he1u1HII9FA=",
      "requires": {
        "asap": "2.0.6"
      }
    },
    "promisify-es6": {
      "version": "1.0.3",
      "resolved": "https://registry.npmjs.org/promisify-es6/-/promisify-es6-1.0.3.tgz",
      "integrity": "sha1-sBJmjE3zyWXOE9qsKzpNFyapY0Y="
    },
    "protocol-buffers-schema": {
      "version": "3.3.2",
      "resolved": "https://registry.npmjs.org/protocol-buffers-schema/-/protocol-buffers-schema-3.3.2.tgz",
      "integrity": "sha1-AENPYItOjfVMWeBw7+78N/tLuFk="
    },
    "protons": {
      "version": "1.0.1",
      "resolved": "https://registry.npmjs.org/protons/-/protons-1.0.1.tgz",
      "integrity": "sha1-HBBxRMB/wtHLi2y3ZFHmqTgjdnY=",
      "requires": {
        "protocol-buffers-schema": "3.3.2",
        "safe-buffer": "5.1.1",
        "signed-varint": "2.0.1",
        "varint": "5.0.0"
      }
    },
    "pseudomap": {
      "version": "1.0.2",
      "resolved": "https://registry.npmjs.org/pseudomap/-/pseudomap-1.0.2.tgz",
      "integrity": "sha1-8FKijacOYYkX7wqKw0wa5aaChrM="
    },
    "pull-defer": {
      "version": "0.2.2",
      "resolved": "https://registry.npmjs.org/pull-defer/-/pull-defer-0.2.2.tgz",
      "integrity": "sha1-CIew/7MK8ypW2+z6csFnInHwexM="
    },
    "pull-pushable": {
      "version": "2.1.1",
      "resolved": "https://registry.npmjs.org/pull-pushable/-/pull-pushable-2.1.1.tgz",
      "integrity": "sha1-hmZqu+P1QC8ffq0D7v1pt4Xspbg="
    },
    "pull-stream": {
      "version": "3.6.1",
      "resolved": "https://registry.npmjs.org/pull-stream/-/pull-stream-3.6.1.tgz",
      "integrity": "sha1-xcKuSlEkbv7rzGXAQSo9clqSzgA="
    },
    "pull-traverse": {
      "version": "1.0.3",
      "resolved": "https://registry.npmjs.org/pull-traverse/-/pull-traverse-1.0.3.tgz",
      "integrity": "sha1-dPtde+f6a9enjpeTPhmbeUWGaTg="
    },
    "pump": {
      "version": "1.0.3",
      "resolved": "https://registry.npmjs.org/pump/-/pump-1.0.3.tgz",
      "integrity": "sha1-Xf6DEcM7v2/BgmH580cCxHwIqVQ=",
      "requires": {
        "end-of-stream": "1.4.0",
        "once": "1.4.0"
      }
    },
    "qs": {
      "version": "6.5.1",
      "resolved": "https://registry.npmjs.org/qs/-/qs-6.5.1.tgz",
      "integrity": "sha1-NJzfbu+J7EXBLX1es/wMhwNDptg="
    },
    "read-pkg": {
      "version": "1.1.0",
      "resolved": "https://registry.npmjs.org/read-pkg/-/read-pkg-1.1.0.tgz",
      "integrity": "sha1-9f+qXs0pyzHAR0vKfXVra7KePyg=",
      "requires": {
        "load-json-file": "1.1.0",
        "normalize-package-data": "2.4.0",
        "path-type": "1.1.0"
      }
    },
    "read-pkg-up": {
      "version": "1.0.1",
      "resolved": "https://registry.npmjs.org/read-pkg-up/-/read-pkg-up-1.0.1.tgz",
      "integrity": "sha1-nWPBMnbAZZGNV/ACpX9AobZD+wI=",
      "requires": {
        "find-up": "1.1.2",
        "read-pkg": "1.1.0"
      }
    },
    "readable-stream": {
      "version": "2.3.3",
      "resolved": "https://registry.npmjs.org/readable-stream/-/readable-stream-2.3.3.tgz",
      "integrity": "sha1-No8lEtefnUb9/HE0mueHi7weuVw=",
      "requires": {
        "core-util-is": "1.0.2",
        "inherits": "2.0.3",
        "isarray": "1.0.0",
        "process-nextick-args": "1.0.7",
        "safe-buffer": "5.1.1",
        "string_decoder": "1.0.3",
        "util-deprecate": "1.0.2"
      }
    },
    "require-directory": {
      "version": "2.1.1",
      "resolved": "https://registry.npmjs.org/require-directory/-/require-directory-2.1.1.tgz",
      "integrity": "sha1-jGStX9MNqxyXbiNE/+f3kqam30I="
    },
    "require-from-string": {
      "version": "1.2.1",
      "resolved": "https://registry.npmjs.org/require-from-string/-/require-from-string-1.2.1.tgz",
      "integrity": "sha1-UpyczvJzgK3+yaL5ZbZJu+5jZBg="
    },
    "require-main-filename": {
      "version": "1.0.1",
      "resolved": "https://registry.npmjs.org/require-main-filename/-/require-main-filename-1.0.1.tgz",
      "integrity": "sha1-l/cXtp1IeE9fUmpsWqj/3aBVpNE="
    },
    "rimraf": {
      "version": "2.6.2",
      "resolved": "https://registry.npmjs.org/rimraf/-/rimraf-2.6.2.tgz",
      "integrity": "sha1-LtgVDSShbqhlHm1u8PR8QVjOejY=",
      "requires": {
        "glob": "7.1.2"
      }
    },
    "ripemd160": {
      "version": "2.0.1",
      "resolved": "https://registry.npmjs.org/ripemd160/-/ripemd160-2.0.1.tgz",
      "integrity": "sha1-D0WEKVxTo2KK9+bXmsohzlfRxuc=",
      "requires": {
        "hash-base": "2.0.2",
        "inherits": "2.0.3"
      }
    },
    "rsa-pem-to-jwk": {
      "version": "1.1.3",
      "resolved": "https://registry.npmjs.org/rsa-pem-to-jwk/-/rsa-pem-to-jwk-1.1.3.tgz",
      "integrity": "sha1-JF52vbfnI0z+58oDLTG1TDj6uY4=",
      "requires": {
        "object-assign": "2.1.1",
        "rsa-unpack": "0.0.6"
      }
    },
    "rsa-unpack": {
      "version": "0.0.6",
      "resolved": "https://registry.npmjs.org/rsa-unpack/-/rsa-unpack-0.0.6.tgz",
      "integrity": "sha1-9Q69VqYoN45jHylxYQJs6atO3bo=",
      "requires": {
        "optimist": "0.3.7"
      }
    },
    "safe-buffer": {
      "version": "5.1.1",
      "resolved": "https://registry.npmjs.org/safe-buffer/-/safe-buffer-5.1.1.tgz",
      "integrity": "sha1-iTMSr2myEj3vcfV4iQAWce6yyFM="
    },
    "secp256k1": {
      "version": "3.4.0",
      "resolved": "https://registry.npmjs.org/secp256k1/-/secp256k1-3.4.0.tgz",
      "integrity": "sha1-HJBbJW+krlucwXDmct1ZtMXeRqQ=",
      "requires": {
        "bindings": "1.3.0",
        "bip66": "1.1.5",
        "bn.js": "4.11.8",
        "create-hash": "1.1.3",
        "drbg.js": "1.0.1",
        "elliptic": "6.4.0",
        "nan": "2.8.0",
        "safe-buffer": "5.1.1"
      }
    },
    "semver": {
      "version": "5.4.1",
      "resolved": "https://registry.npmjs.org/semver/-/semver-5.4.1.tgz",
      "integrity": "sha1-4FnAnYVx8FQII3M0M1BdOi8AsY4="
    },
    "set-blocking": {
      "version": "2.0.0",
      "resolved": "https://registry.npmjs.org/set-blocking/-/set-blocking-2.0.0.tgz",
      "integrity": "sha1-BF+XgtARrppoA93TgrJDkrPYkPc="
    },
    "sha.js": {
      "version": "2.4.9",
      "resolved": "https://registry.npmjs.org/sha.js/-/sha.js-2.4.9.tgz",
      "integrity": "sha1-mPZIgEdLdPSji42p08Dy0QRjPn0=",
      "requires": {
        "inherits": "2.0.3",
        "safe-buffer": "5.1.1"
      }
    },
    "signed-varint": {
      "version": "2.0.1",
      "resolved": "https://registry.npmjs.org/signed-varint/-/signed-varint-2.0.1.tgz",
      "integrity": "sha1-UKmYnafJjCxh2tEZvJdHDvhSgSk=",
      "requires": {
        "varint": "5.0.0"
      }
    },
    "sleep": {
      "version": "5.1.1",
      "resolved": "https://registry.npmjs.org/sleep/-/sleep-5.1.1.tgz",
      "integrity": "sha1-h4+h1E0I7rDyb7IBjvhinrGjq5Q=",
      "requires": {
        "nan": "2.8.0"
      }
    },
    "solc": {
      "version": "0.4.19",
      "resolved": "https://registry.npmjs.org/solc/-/solc-0.4.19.tgz",
      "integrity": "sha1-GvHEwpKgNlppd9TL4/vucTm0tWE=",
      "requires": {
        "fs-extra": "0.30.0",
        "memorystream": "0.3.1",
        "require-from-string": "1.2.1",
        "semver": "5.4.1",
        "yargs": "4.8.1"
      }
    },
    "spdx-correct": {
      "version": "1.0.2",
      "resolved": "https://registry.npmjs.org/spdx-correct/-/spdx-correct-1.0.2.tgz",
      "integrity": "sha1-SzBz2TP/UfORLwOsVRlJikFQ20A=",
      "requires": {
        "spdx-license-ids": "1.2.2"
      }
    },
    "spdx-expression-parse": {
      "version": "1.0.4",
      "resolved": "https://registry.npmjs.org/spdx-expression-parse/-/spdx-expression-parse-1.0.4.tgz",
      "integrity": "sha1-m98vIOH0DtRH++JzJmGR/O1RYmw="
    },
    "spdx-license-ids": {
      "version": "1.2.2",
      "resolved": "https://registry.npmjs.org/spdx-license-ids/-/spdx-license-ids-1.2.2.tgz",
      "integrity": "sha1-yd96NCRZSt5r0RkA1ZZpbcBrrFc="
    },
    "split2": {
      "version": "2.2.0",
      "resolved": "https://registry.npmjs.org/split2/-/split2-2.2.0.tgz",
      "integrity": "sha1-GGsldbz4PoW30YRldWI47k7kJJM=",
      "requires": {
        "through2": "2.0.3"
      }
    },
    "stable": {
      "version": "0.1.6",
      "resolved": "https://registry.npmjs.org/stable/-/stable-0.1.6.tgz",
      "integrity": "sha1-kQ9dKu17Ugxud3SZwfMuE5/eyxA="
    },
    "stream-http": {
      "version": "2.7.2",
      "resolved": "https://registry.npmjs.org/stream-http/-/stream-http-2.7.2.tgz",
      "integrity": "sha1-QKBQ7I3DtTsz2ZCUFcAsC/Gr+60=",
      "requires": {
        "builtin-status-codes": "3.0.0",
        "inherits": "2.0.3",
        "readable-stream": "2.3.3",
        "to-arraybuffer": "1.0.1",
        "xtend": "4.0.1"
      }
    },
    "stream-to-pull-stream": {
      "version": "1.7.2",
      "resolved": "https://registry.npmjs.org/stream-to-pull-stream/-/stream-to-pull-stream-1.7.2.tgz",
      "integrity": "sha1-dXYJrhzr0zx0MtSvvjH/eGULnd4=",
      "requires": {
        "looper": "3.0.0",
        "pull-stream": "3.6.1"
      }
    },
    "streamifier": {
      "version": "0.1.1",
      "resolved": "https://registry.npmjs.org/streamifier/-/streamifier-0.1.1.tgz",
      "integrity": "sha1-l+mNj6TRBdYqJpHR3AfoINuN/E8="
    },
    "string-width": {
      "version": "1.0.2",
      "resolved": "https://registry.npmjs.org/string-width/-/string-width-1.0.2.tgz",
      "integrity": "sha1-EYvfW4zcUaKn5w0hHgfisLmxB9M=",
      "requires": {
        "code-point-at": "1.1.0",
        "is-fullwidth-code-point": "1.0.0",
        "strip-ansi": "3.0.1"
      }
    },
    "string_decoder": {
      "version": "1.0.3",
      "resolved": "https://registry.npmjs.org/string_decoder/-/string_decoder-1.0.3.tgz",
      "integrity": "sha1-D8Z9fBQYJd6UKC3VNr7GubzoYKs=",
      "requires": {
        "safe-buffer": "5.1.1"
      }
    },
    "strip-ansi": {
      "version": "3.0.1",
      "resolved": "https://registry.npmjs.org/strip-ansi/-/strip-ansi-3.0.1.tgz",
      "integrity": "sha1-ajhfuIU9lS1f8F0Oiq+UJ43GPc8=",
      "requires": {
        "ansi-regex": "2.1.1"
      }
    },
    "strip-bom": {
      "version": "2.0.0",
      "resolved": "https://registry.npmjs.org/strip-bom/-/strip-bom-2.0.0.tgz",
      "integrity": "sha1-YhmoVhZSBJHzV4i9vxRHqZx+aw4=",
      "requires": {
        "is-utf8": "0.2.1"
      }
    },
    "tar-stream": {
      "version": "1.5.5",
      "resolved": "https://registry.npmjs.org/tar-stream/-/tar-stream-1.5.5.tgz",
      "integrity": "sha1-XK2Ed59FyDsfJQjZawnYjHIYr1U=",
      "requires": {
        "bl": "1.2.1",
        "end-of-stream": "1.4.0",
        "readable-stream": "2.3.3",
        "xtend": "4.0.1"
      }
    },
    "through2": {
      "version": "2.0.3",
      "resolved": "https://registry.npmjs.org/through2/-/through2-2.0.3.tgz",
      "integrity": "sha1-AARWmzfHx0ujnEPzzteNGtlBQL4=",
      "requires": {
        "readable-stream": "2.3.3",
        "xtend": "4.0.1"
      }
    },
    "to-arraybuffer": {
      "version": "1.0.1",
      "resolved": "https://registry.npmjs.org/to-arraybuffer/-/to-arraybuffer-1.0.1.tgz",
      "integrity": "sha1-fSKbH8xjfkZsoIEYCDanqr/4P0M="
    },
    "tweetnacl": {
      "version": "1.0.0",
      "resolved": "https://registry.npmjs.org/tweetnacl/-/tweetnacl-1.0.0.tgz",
      "integrity": "sha1-cT2LgY2kIGh0C/aDhtBHnmb8ins="
    },
    "typedarray": {
      "version": "0.0.6",
      "resolved": "https://registry.npmjs.org/typedarray/-/typedarray-0.0.6.tgz",
      "integrity": "sha1-hnrHTjhkGHsdPUfZlqeOxciDB3c="
    },
    "utf8": {
      "version": "2.1.2",
      "resolved": "https://registry.npmjs.org/utf8/-/utf8-2.1.2.tgz",
      "integrity": "sha1-H6DZJw6b6FDZsFAn9jUZv0ZFfZY="
    },
    "util-deprecate": {
      "version": "1.0.2",
      "resolved": "https://registry.npmjs.org/util-deprecate/-/util-deprecate-1.0.2.tgz",
      "integrity": "sha1-RQ1Nyfpw3nMnYvvS1KKJgUGaDM8="
    },
    "validate-npm-package-license": {
      "version": "3.0.1",
      "resolved": "https://registry.npmjs.org/validate-npm-package-license/-/validate-npm-package-license-3.0.1.tgz",
      "integrity": "sha1-KAS6vnEq0zeUWaz74kdGqywwP7w=",
      "requires": {
        "spdx-correct": "1.0.2",
        "spdx-expression-parse": "1.0.4"
      }
    },
    "varint": {
      "version": "5.0.0",
      "resolved": "https://registry.npmjs.org/varint/-/varint-5.0.0.tgz",
      "integrity": "sha1-2Ca4n3SQcy+rwMDtaT7Uddyynr8="
    },
    "web3": {
      "version": "0.20.0",
      "resolved": "https://registry.npmjs.org/web3/-/web3-0.20.0.tgz",
      "integrity": "sha1-qru+Nf5sq+gRZZCHpVzIbpkzbHQ=",
      "requires": {
        "bignumber.js": "git+https://github.com/frozeman/bignumber.js-nolookahead.git#57692b3ecfc98bbdd6b3a516cb2353652ea49934",
        "crypto-js": "3.1.8",
        "utf8": "2.1.2",
        "xhr2": "0.1.4",
        "xmlhttprequest": "1.8.0"
      }
    },
    "webcrypto-shim": {
      "version": "git://github.com/dignifiedquire/webcrypto-shim.git#190bc9ec341375df6025b17ae12ddb2428ea49c8",
      "integrity": "sha1-MnCUQHWFVk4w3MSdDxJ8IzAhWNQ="
    },
    "which-module": {
      "version": "1.0.0",
      "resolved": "https://registry.npmjs.org/which-module/-/which-module-1.0.0.tgz",
      "integrity": "sha1-u6Y8qGGUiZT/MHc2CJ47lgJsKk8="
    },
    "window-size": {
      "version": "0.2.0",
      "resolved": "https://registry.npmjs.org/window-size/-/window-size-0.2.0.tgz",
      "integrity": "sha1-tDFbtCFKPXBY6+7okuE/ok2YsHU="
    },
    "wordwrap": {
      "version": "0.0.3",
      "resolved": "https://registry.npmjs.org/wordwrap/-/wordwrap-0.0.3.tgz",
      "integrity": "sha1-o9XabNXAvAAI03I0u68b7WMFkQc="
    },
    "wrap-ansi": {
      "version": "2.1.0",
      "resolved": "https://registry.npmjs.org/wrap-ansi/-/wrap-ansi-2.1.0.tgz",
      "integrity": "sha1-2Pw9KE3QV5T+hJc8rs3Rz4JP3YU=",
      "requires": {
        "string-width": "1.0.2",
        "strip-ansi": "3.0.1"
      }
    },
    "wrappy": {
      "version": "1.0.2",
      "resolved": "https://registry.npmjs.org/wrappy/-/wrappy-1.0.2.tgz",
      "integrity": "sha1-tSQ9jz7BqjXxNkYFvA0QNuMKtp8="
    },
    "xhr2": {
      "version": "0.1.4",
      "resolved": "https://registry.npmjs.org/xhr2/-/xhr2-0.1.4.tgz",
      "integrity": "sha1-f4dliEdxbbUCYyOBL4GMras4el8="
    },
    "xmlhttprequest": {
      "version": "1.8.0",
      "resolved": "https://registry.npmjs.org/xmlhttprequest/-/xmlhttprequest-1.8.0.tgz",
      "integrity": "sha1-Z/4HXFwk/vOfnWX197f+dRcZaPw="
    },
    "xtend": {
      "version": "4.0.1",
      "resolved": "https://registry.npmjs.org/xtend/-/xtend-4.0.1.tgz",
      "integrity": "sha1-pcbVMr5lbiPbgg77lDofBJmNY68="
    },
    "y18n": {
      "version": "3.2.1",
      "resolved": "https://registry.npmjs.org/y18n/-/y18n-3.2.1.tgz",
      "integrity": "sha1-bRX7qITAhnnA136I53WegR4H+kE="
    },
    "yallist": {
      "version": "2.1.2",
      "resolved": "https://registry.npmjs.org/yallist/-/yallist-2.1.2.tgz",
      "integrity": "sha1-HBH5IY8HYImkfdUS+TxmmaaoHVI="
    },
    "yargs": {
      "version": "4.8.1",
      "resolved": "https://registry.npmjs.org/yargs/-/yargs-4.8.1.tgz",
      "integrity": "sha1-wMQpJMpKqmsObaFznfshZDn53cA=",
      "requires": {
        "cliui": "3.2.0",
        "decamelize": "1.2.0",
        "get-caller-file": "1.0.2",
        "lodash.assign": "4.2.0",
        "os-locale": "1.4.0",
        "read-pkg-up": "1.0.1",
        "require-directory": "2.1.1",
        "require-main-filename": "1.0.1",
        "set-blocking": "2.0.0",
        "string-width": "1.0.2",
        "which-module": "1.0.0",
        "window-size": "0.2.0",
        "y18n": "3.2.1",
        "yargs-parser": "2.4.1"
      }
    },
    "yargs-parser": {
      "version": "2.4.1",
      "resolved": "https://registry.npmjs.org/yargs-parser/-/yargs-parser-2.4.1.tgz",
      "integrity": "sha1-hVaN488VD/SfpRgl8DqMiA3cxcQ=",
      "requires": {
        "camelcase": "3.0.0",
        "lodash.assign": "4.2.0"
      }
    }
  }
}
